
Microsoft Visual Studio Solution File, Format Version 12.00
# Visual Studio Version 16
VisualStudioVersion = 16.0.32413.511
MinimumVisualStudioVersion = 10.0.40219.1
Project("{FAE04EC0-301F-11D3-BF4B-00C04F79EFBC}") = "FindDatabaseApp", "FindDatabaseApp\FindDatabaseApp.csproj", "{B82B426E-4FD2-48EE-83E6-84FB6B4B0E8A}"
EndProject
Global
	GlobalSection(SolutionConfigurationPlatforms) = preSolution
		Debug|Any CPU = Debug|Any CPU
		Release|Any CPU = Release|Any CPU
	EndGlobalSection
	GlobalSection(ProjectConfigurationPlatforms) = postSolution
		{B82B426E-4FD2-48EE-83E6-84FB6B4B0E8A}.Debug|Any CPU.ActiveCfg = Debug|Any CPU
		{B82B426E-4FD2-48EE-83E6-84FB6B4B0E8A}.Debug|Any CPU.Build.0 = Debug|Any CPU
		{B82B426E-4FD2-48EE-83E6-84FB6B4B0E8A}.Release|Any CPU.ActiveCfg = Release|Any CPU
		{B82B426E-4FD2-48EE-83E6-84FB6B4B0E8A}.Release|Any CPU.Build.0 = Release|Any CPU
	EndGlobalSection
	GlobalSection(SolutionProperties) = preSolution
		HideSolutionNode = FALSE
	EndGlobalSection
	GlobalSection(ExtensibilityGlobals) = postSolution
		SolutionGuid = {99FD9915-2374-4D16-93B7-301E3A57261A}
	EndGlobalSection
EndGlobal
